
Microsoft Visual Studio Solution File, Format Version 12.00
# Visual Studio 15
Project("{FAE04EC0-301F-11D3-BF4B-00C04F79EFBC}") = "Assembly-CSharp", "Assembly-CSharp.csproj", "{43C0EEFD-4839-F783-705C-84FE6914F44C}"
EndProject
Project("{9A19103F-16F7-4668-BE54-9A1E7A4F7556}") = "DataLoading", "DataLoading\DataLoading.csproj", "{CEB07988-931D-4046-8CCF-9AD330599306}"
EndProject
Global
	GlobalSection(SolutionConfigurationPlatforms) = preSolution
		Debug|Any CPU = Debug|Any CPU
		Release|Any CPU = Release|Any CPU
	EndGlobalSection
	GlobalSection(ProjectConfigurationPlatforms) = postSolution
		{43C0EEFD-4839-F783-705C-84FE6914F44C}.Debug|Any CPU.ActiveCfg = Debug|Any CPU
		{43C0EEFD-4839-F783-705C-84FE6914F44C}.Debug|Any CPU.Build.0 = Debug|Any CPU
		{43C0EEFD-4839-F783-705C-84FE6914F44C}.Release|Any CPU.ActiveCfg = Release|Any CPU
		{43C0EEFD-4839-F783-705C-84FE6914F44C}.Release|Any CPU.Build.0 = Release|Any CPU
		{CEB07988-931D-4046-8CCF-9AD330599306}.Debug|Any CPU.ActiveCfg = Debug|Any CPU
		{CEB07988-931D-4046-8CCF-9AD330599306}.Debug|Any CPU.Build.0 = Debug|Any CPU
		{CEB07988-931D-4046-8CCF-9AD330599306}.Release|Any CPU.ActiveCfg = Release|Any CPU
		{CEB07988-931D-4046-8CCF-9AD330599306}.Release|Any CPU.Build.0 = Release|Any CPU
	EndGlobalSection
	GlobalSection(SolutionProperties) = preSolution
		HideSolutionNode = FALSE
	EndGlobalSection
EndGlobal
